// !$*UTF8*$!
{
	archiveVersion = 1;
	classes = {
	};
	objectVersion = 50;
	objects = {

/* Begin PBXBuildFile section */
		7704116522191EA200796AA8 /* NewsTableViewCell.swift in Sources */ = {isa = PBXBuildFile; fileRef = 7704116422191EA200796AA8 /* NewsTableViewCell.swift */; };
		77FD408B2217C34600D15EED /* AppDelegate.swift in Sources */ = {isa = PBXBuildFile; fileRef = 77FD408A2217C34600D15EED /* AppDelegate.swift */; };
		77FD408D2217C34600D15EED /* ViewController.swift in Sources */ = {isa = PBXBuildFile; fileRef = 77FD408C2217C34600D15EED /* ViewController.swift */; };
		77FD40902217C34600D15EED /* Main.storyboard in Resources */ = {isa = PBXBuildFile; fileRef = 77FD408E2217C34600D15EED /* Main.storyboard */; };
		77FD40922217C34700D15EED /* Assets.xcassets in Resources */ = {isa = PBXBuildFile; fileRef = 77FD40912217C34700D15EED /* Assets.xcassets */; };
		77FD40952217C34700D15EED /* LaunchScreen.storyboard in Resources */ = {isa = PBXBuildFile; fileRef = 77FD40932217C34700D15EED /* LaunchScreen.storyboard */; };
		77FD409D2217C3CE00D15EED /* MasterViewController.swift in Sources */ = {isa = PBXBuildFile; fileRef = 77FD409C2217C3CE00D15EED /* MasterViewController.swift */; };
		77FD409F2217C3E700D15EED /* DetailViewController.swift in Sources */ = {isa = PBXBuildFile; fileRef = 77FD409E2217C3E700D15EED /* DetailViewController.swift */; };
		77FD40A12217D05200D15EED /* NewsItem.swift in Sources */ = {isa = PBXBuildFile; fileRef = 77FD40A02217D05200D15EED /* NewsItem.swift */; };
		77FD40A32217D1C300D15EED /* NewsService.swift in Sources */ = {isa = PBXBuildFile; fileRef = 77FD40A22217D1C300D15EED /* NewsService.swift */; };
/* End PBXBuildFile section */

/* Begin PBXFileReference section */
		7704116422191EA200796AA8 /* NewsTableViewCell.swift */ = {isa = PBXFileReference; lastKnownFileType = sourcecode.swift; path = NewsTableViewCell.swift; sourceTree = "<group>"; };
		77FD40872217C34500D15EED /* WhatsInTheNews.app */ = {isa = PBXFileReference; explicitFileType = wrapper.application; includeInIndex = 0; path = WhatsInTheNews.app; sourceTree = BUILT_PRODUCTS_DIR; };
		77FD408A2217C34600D15EED /* AppDelegate.swift */ = {isa = PBXFileReference; lastKnownFileType = sourcecode.swift; path = AppDelegate.swift; sourceTree = "<group>"; };
		77FD408C2217C34600D15EED /* ViewController.swift */ = {isa = PBXFileReference; lastKnownFileType = sourcecode.swift; path = ViewController.swift; sourceTree = "<group>"; };
		77FD408F2217C34600D15EED /* Base */ = {isa = PBXFileReference; lastKnownFileType = file.storyboard; name = Base; path = Base.lproj/Main.storyboard; sourceTree = "<group>"; };
		77FD40912217C34700D15EED /* Assets.xcassets */ = {isa = PBXFileReference; lastKnownFileType = folder.assetcatalog; path = Assets.xcassets; sourceTree = "<group>"; };
		77FD40942217C34700D15EED /* Base */ = {isa = PBXFileReference; lastKnownFileType = file.storyboard; name = Base; path = Base.lproj/LaunchScreen.storyboard; sourceTree = "<group>"; };
		77FD40962217C34700D15EED /* Info.plist */ = {isa = PBXFileReference; lastKnownFileType = text.plist.xml; path = Info.plist; sourceTree = "<group>"; };
		77FD409C2217C3CE00D15EED /* MasterViewController.swift */ = {isa = PBXFileReference; lastKnownFileType = sourcecode.swift; path = MasterViewController.swift; sourceTree = "<group>"; };
		77FD409E2217C3E700D15EED /* DetailViewController.swift */ = {isa = PBXFileReference; lastKnownFileType = sourcecode.swift; path = DetailViewController.swift; sourceTree = "<group>"; };
		77FD40A02217D05200D15EED /* NewsItem.swift */ = {isa = PBXFileReference; lastKnownFileType = sourcecode.swift; path = NewsItem.swift; sourceTree = "<group>"; };
		77FD40A22217D1C300D15EED /* NewsService.swift */ = {isa = PBXFileReference; lastKnownFileType = sourcecode.swift; path = NewsService.swift; sourceTree = "<group>"; };
/* End PBXFileReference section */

/* Begin PBXFrameworksBuildPhase section */
		77FD40842217C34500D15EED /* Frameworks */ = {
			isa = PBXFrameworksBuildPhase;
			buildActionMask = 2147483647;
			files = (
			);
			runOnlyForDeploymentPostprocessing = 0;
		};
/* End PBXFrameworksBuildPhase section */

/* Begin PBXGroup section */
		77FD407E2217C34500D15EED = {
			isa = PBXGroup;
			children = (
				77FD40892217C34500D15EED /* WhatsInTheNews */,
				77FD40882217C34500D15EED /* Products */,
			);
			sourceTree = "<group>";
		};
		77FD40882217C34500D15EED /* Products */ = {
			isa = PBXGroup;
			children = (
				77FD40872217C34500D15EED /* WhatsInTheNews.app */,
			);
			name = Products;
			sourceTree = "<group>";
		};
		77FD40892217C34500D15EED /* WhatsInTheNews */ = {
			isa = PBXGroup;
			children = (
				77FD408A2217C34600D15EED /* AppDelegate.swift */,
				77FD408C2217C34600D15EED /* ViewController.swift */,
				77FD408E2217C34600D15EED /* Main.storyboard */,
				7704116422191EA200796AA8 /* NewsTableViewCell.swift */,
				77FD409C2217C3CE00D15EED /* MasterViewController.swift */,
				77FD40A22217D1C300D15EED /* NewsService.swift */,
				77FD40A02217D05200D15EED /* NewsItem.swift */,
				77FD409E2217C3E700D15EED /* DetailViewController.swift */,
				77FD40912217C34700D15EED /* Assets.xcassets */,
				77FD40932217C34700D15EED /* LaunchScreen.storyboard */,
				77FD40962217C34700D15EED /* Info.plist */,
			);
			path = WhatsInTheNews;
			sourceTree = "<group>";
		};
/* End PBXGroup section */

/* Begin PBXNativeTarget section */
		77FD40862217C34500D15EED /* WhatsInTheNews */ = {
			isa = PBXNativeTarget;
			buildConfigurationList = 77FD40992217C34700D15EED /* Build configuration list for PBXNativeTarget "WhatsInTheNews" */;
			buildPhases = (
				77FD40832217C34500D15EED /* Sources */,
				77FD40842217C34500D15EED /* Frameworks */,
				77FD40852217C34500D15EED /* Resources */,
			);
			buildRules = (
			);
			dependencies = (
			);
			name = WhatsInTheNews;
			productName = WhatsInTheNews;
			productReference = 77FD40872217C34500D15EED /* WhatsInTheNews.app */;
			productType = "com.apple.product-type.application";
		};
/* End PBXNativeTarget section */

/* Begin PBXProject section */
		77FD407F2217C34500D15EED /* Project object */ = {
			isa = PBXProject;
			attributes = {
				LastSwiftUpdateCheck = 1010;
				LastUpgradeCheck = 1010;
				ORGANIZATIONNAME = "Jeremy Van";
				TargetAttributes = {
					77FD40862217C34500D15EED = {
						CreatedOnToolsVersion = 10.1;
					};
				};
			};
			buildConfigurationList = 77FD40822217C34500D15EED /* Build configuration list for PBXProject "WhatsInTheNews" */;
			compatibilityVersion = "Xcode 9.3";
			developmentRegion = en;
			hasScannedForEncodings = 0;
			knownRegions = (
				en,
				Base,
			);
			mainGroup = 77FD407E2217C34500D15EED;
			productRefGroup = 77FD40882217C34500D15EED /* Products */;
			projectDirPath = "";
			projectRoot = "";
			targets = (
				77FD40862217C34500D15EED /* WhatsInTheNews */,
			);
		};
/* End PBXProject section */

/* Begin PBXResourcesBuildPhase section */
		77FD40852217C34500D15EED /* Resources */ = {
			isa = PBXResourcesBuildPhase;
			buildActionMask = 2147483647;
			files = (
				77FD40952217C34700D15EED /* LaunchScreen.storyboard in Resources */,
				77FD40922217C34700D15EED /* Assets.xcassets in Resources */,
				77FD40902217C34600D15EED /* Main.storyboard in Resources */,
			);
			runOnlyForDeploymentPostprocessing = 0;
		};
/* End PBXResourcesBuildPhase section */

/* Begin PBXSourcesBuildPhase section */
		77FD40832217C34500D15EED /* Sources */ = {
			isa = PBXSourcesBuildPhase;
			buildActionMask = 2147483647;
			files = (
				77FD40A32217D1C300D15EED /* NewsService.swift in Sources */,
				7704116522191EA200796AA8 /* NewsTableViewCell.swift in Sources */,
				77FD408D2217C34600D15EED /* ViewController.swift in Sources */,
				77FD40A12217D05200D15EED /* NewsItem.swift in Sources */,
				77FD408B2217C34600D15EED /* AppDelegate.swift in Sources */,
				77FD409D2217C3CE00D15EED /* MasterViewController.swift in Sources */,
				77FD409F2217C3E700D15EED /* DetailViewController.swift in Sources */,
			);
			runOnlyForDeploymentPostprocessing = 0;
		};
/* End PBXSourcesBuildPhase section */

/* Begin PBXVariantGroup section */
		77FD408E2217C34600D15EED /* Main.storyboard */ = {
			isa = PBXVariantGroup;
			children = (
				77FD408F2217C34600D15EED /* Base */,
			);
			name = Main.storyboard;
			sourceTree = "<group>";
		};
		77FD40932217C34700D15EED /* LaunchScreen.storyboard */ = {
			isa = PBXVariantGroup;
			children = (
				77FD40942217C34700D15EED /* Base */,
			);
			name = LaunchScreen.storyboard;
			sourceTree = "<group>";
		};
/* End PBXVariantGroup section */

/* Begin XCBuildConfiguration section */
		77FD40972217C34700D15EED /* Debug */ = {
			isa = XCBuildConfiguration;
			buildSettings = {
				ALWAYS_SEARCH_USER_PATHS = NO;
				CLANG_ANALYZER_NONNULL = YES;
				CLANG_ANALYZER_NUMBER_OBJECT_CONVERSION = YES_AGGRESSIVE;
				CLANG_CXX_LANGUAGE_STANDARD = "gnu++14";
				CLANG_CXX_LIBRARY = "libc++";
				CLANG_ENABLE_MODULES = YES;
				CLANG_ENABLE_OBJC_ARC = YES;
				CLANG_ENABLE_OBJC_WEAK = YES;
				CLANG_WARN_BLOCK_CAPTURE_AUTORELEASING = YES;
				CLANG_WARN_BOOL_CONVERSION = YES;
				CLANG_WARN_COMMA = YES;
				CLANG_WARN_CONSTANT_CONVERSION = YES;
				CLANG_WARN_DEPRECATED_OBJC_IMPLEMENTATIONS = YES;
				CLANG_WARN_DIRECT_OBJC_ISA_USAGE = YES_ERROR;
				CLANG_WARN_DOCUMENTATION_COMMENTS = YES;
				CLANG_WARN_EMPTY_BODY = YES;
				CLANG_WARN_ENUM_CONVERSION = YES;
				CLANG_WARN_INFINITE_RECURSION = YES;
				CLANG_WARN_INT_CONVERSION = YES;
				CLANG_WARN_NON_LITERAL_NULL_CONVERSION = YES;
				CLANG_WARN_OBJC_IMPLICIT_RETAIN_SELF = YES;
				CLANG_WARN_OBJC_LITERAL_CONVERSION = YES;
				CLANG_WARN_OBJC_ROOT_CLASS = YES_ERROR;
				CLANG_WARN_RANGE_LOOP_ANALYSIS = YES;
				CLANG_WARN_STRICT_PROTOTYPES = YES;
				CLANG_WARN_SUSPICIOUS_MOVE = YES;
				CLANG_WARN_UNGUARDED_AVAILABILITY = YES_AGGRESSIVE;
				CLANG_WARN_UNREACHABLE_CODE = YES;
				CLANG_WARN__DUPLICATE_METHOD_MATCH = YES;
				CODE_SIGN_IDENTITY = "iPhone Developer";
				COPY_PHASE_STRIP = NO;
				DEBUG_INFORMATION_FORMAT = dwarf;
				ENABLE_STRICT_OBJC_MSGSEND = YES;
				ENABLE_TESTABILITY = YES;
				GCC_C_LANGUAGE_STANDARD = gnu11;
				GCC_DYNAMIC_NO_PIC = NO;
				GCC_NO_COMMON_BLOCKS = YES;
				GCC_OPTIMIZATION_LEVEL = 0;
				GCC_PREPROCESSOR_DEFINITIONS = (
					"DEBUG=1",
					"$(inherited)",
				);
				GCC_WARN_64_TO_32_BIT_CONVERSION = YES;
				GCC_WARN_ABOUT_RETURN_TYPE = YES_ERROR;
				GCC_WARN_UNDECLARED_SELECTOR = YES;
				GCC_WARN_UNINITIALIZED_AUTOS = YES_AGGRESSIVE;
				GCC_WARN_UNUSED_FUNCTION = YES;
				GCC_WARN_UNUSED_VARIABLE = YES;
				IPHONEOS_DEPLOYMENT_TARGET = 12.1;
				MTL_ENABLE_DEBUG_INFO = INCLUDE_SOURCE;
				MTL_FAST_MATH = YES;
				ONLY_ACTIVE_ARCH = YES;
				SDKROOT = iphoneos;
				SWIFT_ACTIVE_COMPILATION_CONDITIONS = DEBUG;
				SWIFT_OPTIMIZATION_LEVEL = "-Onone";
			};
			name = Debug;
		};
		77FD40982217C34700D15EED /* Release */ = {
			isa = XCBuildConfiguration;
			buildSettings = {
				ALWAYS_SEARCH_USER_PATHS = NO;
				CLANG_ANALYZER_NONNULL = YES;
				CLANG_ANALYZER_NUMBER_OBJECT_CONVERSION = YES_AGGRESSIVE;
				CLANG_CXX_LANGUAGE_STANDARD = "gnu++14";
				CLANG_CXX_LIBRARY = "libc++";
				CLANG_ENABLE_MODULES = YES;
				CLANG_ENABLE_OBJC_ARC = YES;
				CLANG_ENABLE_OBJC_WEAK = YES;
				CLANG_WARN_BLOCK_CAPTURE_AUTORELEASING = YES;
				CLANG_WARN_BOOL_CONVERSION = YES;
				CLANG_WARN_COMMA = YES;
				CLANG_WARN_CONSTANT_CONVERSION = YES;
				CLANG_WARN_DEPRECATED_OBJC_IMPLEMENTATIONS = YES;
				CLANG_WARN_DIRECT_OBJC_ISA_USAGE = YES_ERROR;
				CLANG_WARN_DOCUMENTATION_COMMENTS = YES;
				CLANG_WARN_EMPTY_BODY = YES;
				CLANG_WARN_ENUM_CONVERSION = YES;
				CLANG_WARN_INFINITE_RECURSION = YES;
				CLANG_WARN_INT_CONVERSION = YES;
				CLANG_WARN_NON_LITERAL_NULL_CONVERSION = YES;
				CLANG_WARN_OBJC_IMPLICIT_RETAIN_SELF = YES;
				CLANG_WARN_OBJC_LITERAL_CONVERSION = YES;
				CLANG_WARN_OBJC_ROOT_CLASS = YES_ERROR;
				CLANG_WARN_RANGE_LOOP_ANALYSIS = YES;
				CLANG_WARN_STRICT_PROTOTYPES = YES;
				CLANG_WARN_SUSPICIOUS_MOVE = YES;
				CLANG_WARN_UNGUARDED_AVAILABILITY = YES_AGGRESSIVE;
				CLANG_WARN_UNREACHABLE_CODE = YES;
				CLANG_WARN__DUPLICATE_METHOD_MATCH = YES;
				CODE_SIGN_IDENTITY = "iPhone Developer";
				COPY_PHASE_STRIP = NO;
				DEBUG_INFORMATION_FORMAT = "dwarf-with-dsym";
				ENABLE_NS_ASSERTIONS = NO;
				ENABLE_STRICT_OBJC_MSGSEND = YES;
				GCC_C_LANGUAGE_STANDARD = gnu11;
				GCC_NO_COMMON_BLOCKS = YES;
				GCC_WARN_64_TO_32_BIT_CONVERSION = YES;
				GCC_WARN_ABOUT_RETURN_TYPE = YES_ERROR;
				GCC_WARN_UNDECLARED_SELECTOR = YES;
				GCC_WARN_UNINITIALIZED_AUTOS = YES_AGGRESSIVE;
				GCC_WARN_UNUSED_FUNCTION = YES;
				GCC_WARN_UNUSED_VARIABLE = YES;
				IPHONEOS_DEPLOYMENT_TARGET = 12.1;
				MTL_ENABLE_DEBUG_INFO = NO;
				MTL_FAST_MATH = YES;
				SDKROOT = iphoneos;
				SWIFT_COMPILATION_MODE = wholemodule;
				SWIFT_OPTIMIZATION_LEVEL = "-O";
				VALIDATE_PRODUCT = YES;
			};
			name = Release;
		};
		77FD409A2217C34700D15EED /* Debug */ = {
			isa = XCBuildConfiguration;
			buildSettings = {
				ASSETCATALOG_COMPILER_APPICON_NAME = AppIcon;
				CODE_SIGN_STYLE = Automatic;
				DEVELOPMENT_TEAM = GW3DP8ATV4;
				INFOPLIST_FILE = WhatsInTheNews/Info.plist;
				LD_RUNPATH_SEARCH_PATHS = (
					"$(inherited)",
					"@executable_path/Frameworks",
				);
				PRODUCT_BUNDLE_IDENTIFIER = com.jeremyvan.WhatsInTheNews;
				PRODUCT_NAME = "$(TARGET_NAME)";
				SWIFT_VERSION = 4.2;
				TARGETED_DEVICE_FAMILY = "1,2";
			};
			name = Debug;
		};
		77FD409B2217C34700D15EED /* Release */ = {
			isa = XCBuildConfiguration;
			buildSettings = {
				ASSETCATALOG_COMPILER_APPICON_NAME = AppIcon;
				CODE_SIGN_STYLE = Automatic;
				DEVELOPMENT_TEAM = GW3DP8ATV4;
				INFOPLIST_FILE = WhatsInTheNews/Info.plist;
				LD_RUNPATH_SEARCH_PATHS = (
					"$(inherited)",
					"@executable_path/Frameworks",
				);
				PRODUCT_BUNDLE_IDENTIFIER = com.jeremyvan.WhatsInTheNews;
				PRODUCT_NAME = "$(TARGET_NAME)";
				SWIFT_VERSION = 4.2;
				TARGETED_DEVICE_FAMILY = "1,2";
			};
			name = Release;
		};
/* End XCBuildConfiguration section */

/* Begin XCConfigurationList section */
		77FD40822217C34500D15EED /* Build configuration list for PBXProject "WhatsInTheNews" */ = {
			isa = XCConfigurationList;
			buildConfigurations = (
				77FD40972217C34700D15EED /* Debug */,
				77FD40982217C34700D15EED /* Release */,
			);
			defaultConfigurationIsVisible = 0;
			defaultConfigurationName = Release;
		};
		77FD40992217C34700D15EED /* Build configuration list for PBXNativeTarget "WhatsInTheNews" */ = {
			isa = XCConfigurationList;
			buildConfigurations = (
				77FD409A2217C34700D15EED /* Debug */,
				77FD409B2217C34700D15EED /* Release */,
			);
			defaultConfigurationIsVisible = 0;
			defaultConfigurationName = Release;
		};
/* End XCConfigurationList section */
	};
	rootObject = 77FD407F2217C34500D15EED /* Project object */;
}
